
Microsoft Visual Studio Solution File, Format Version 12.00
# Visual Studio Version 16
VisualStudioVersion = 25.0.1706.3
MinimumVisualStudioVersion = 10.0.40219.1
Project("{FAE04EC0-301F-11D3-BF4B-00C04F79EFBC}") = "7.1PP", "7.1PP\7.1PP.csproj", "{61768964-050D-4F56-A4BB-87B4A43A818D}"
EndProject
Global
	GlobalSection(SolutionConfigurationPlatforms) = preSolution
		Debug|Any CPU = Debug|Any CPU
		Release|Any CPU = Release|Any CPU
	EndGlobalSection
	GlobalSection(ProjectConfigurationPlatforms) = postSolution
		{61768964-050D-4F56-A4BB-87B4A43A818D}.Debug|Any CPU.ActiveCfg = Debug|Any CPU
		{61768964-050D-4F56-A4BB-87B4A43A818D}.Debug|Any CPU.Build.0 = Debug|Any CPU
		{61768964-050D-4F56-A4BB-87B4A43A818D}.Release|Any CPU.ActiveCfg = Release|Any CPU
		{61768964-050D-4F56-A4BB-87B4A43A818D}.Release|Any CPU.Build.0 = Release|Any CPU
	EndGlobalSection
	GlobalSection(SolutionProperties) = preSolution
		HideSolutionNode = FALSE
	EndGlobalSection
	GlobalSection(ExtensibilityGlobals) = postSolution
		SolutionGuid = {A1F05FED-C45D-4D6A-B7A5-DAAAADE7A0DA}
	EndGlobalSection
EndGlobal
