
Microsoft Visual Studio Solution File, Format Version 12.00
# Visual Studio Version 16
VisualStudioVersion = 25.0.1706.1
MinimumVisualStudioVersion = 10.0.40219.1
Project("{FAE04EC0-301F-11D3-BF4B-00C04F79EFBC}") = "Case Study Iteration 1", "Case Study Iteration 1\Case Study Iteration 1.csproj", "{A0AC0D42-E42F-44B2-B4BE-989DB0EF8CB1}"
EndProject
Global
	GlobalSection(SolutionConfigurationPlatforms) = preSolution
		Debug|Any CPU = Debug|Any CPU
		Release|Any CPU = Release|Any CPU
	EndGlobalSection
	GlobalSection(ProjectConfigurationPlatforms) = postSolution
		{A0AC0D42-E42F-44B2-B4BE-989DB0EF8CB1}.Debug|Any CPU.ActiveCfg = Debug|Any CPU
		{A0AC0D42-E42F-44B2-B4BE-989DB0EF8CB1}.Debug|Any CPU.Build.0 = Debug|Any CPU
		{A0AC0D42-E42F-44B2-B4BE-989DB0EF8CB1}.Release|Any CPU.ActiveCfg = Release|Any CPU
		{A0AC0D42-E42F-44B2-B4BE-989DB0EF8CB1}.Release|Any CPU.Build.0 = Release|Any CPU
	EndGlobalSection
	GlobalSection(SolutionProperties) = preSolution
		HideSolutionNode = FALSE
	EndGlobalSection
	GlobalSection(ExtensibilityGlobals) = postSolution
		SolutionGuid = {394D58D0-FE00-4A31-B156-70E594DE861B}
	EndGlobalSection
EndGlobal
