
Microsoft Visual Studio Solution File, Format Version 12.00
# Visual Studio Version 16
VisualStudioVersion = 25.0.1706.1
MinimumVisualStudioVersion = 10.0.40219.1
Project("{FAE04EC0-301F-11D3-BF4B-00C04F79EFBC}") = "Custom Program", "Custom Program\Custom Program.csproj", "{4463B31C-4C59-49AF-AE00-4E687CDA6364}"
EndProject
Global
	GlobalSection(SolutionConfigurationPlatforms) = preSolution
		Debug|Any CPU = Debug|Any CPU
		Release|Any CPU = Release|Any CPU
	EndGlobalSection
	GlobalSection(ProjectConfigurationPlatforms) = postSolution
		{4463B31C-4C59-49AF-AE00-4E687CDA6364}.Debug|Any CPU.ActiveCfg = Debug|Any CPU
		{4463B31C-4C59-49AF-AE00-4E687CDA6364}.Debug|Any CPU.Build.0 = Debug|Any CPU
		{4463B31C-4C59-49AF-AE00-4E687CDA6364}.Release|Any CPU.ActiveCfg = Release|Any CPU
		{4463B31C-4C59-49AF-AE00-4E687CDA6364}.Release|Any CPU.Build.0 = Release|Any CPU
	EndGlobalSection
	GlobalSection(SolutionProperties) = preSolution
		HideSolutionNode = FALSE
	EndGlobalSection
	GlobalSection(ExtensibilityGlobals) = postSolution
		SolutionGuid = {854EAC90-10E4-4313-BC70-5D0DEBB675D0}
	EndGlobalSection
EndGlobal
