
Microsoft Visual Studio Solution File, Format Version 12.00
# Visual Studio Version 16
VisualStudioVersion = 25.0.1706.1
MinimumVisualStudioVersion = 10.0.40219.1
Project("{FAE04EC0-301F-11D3-BF4B-00C04F79EFBC}") = "CS1", "CS1\CS1.csproj", "{9A8EF0C6-B673-4BA9-BDF1-38B2EBC90DD8}"
EndProject
Global
	GlobalSection(SolutionConfigurationPlatforms) = preSolution
		Debug|Any CPU = Debug|Any CPU
		Release|Any CPU = Release|Any CPU
	EndGlobalSection
	GlobalSection(ProjectConfigurationPlatforms) = postSolution
		{9A8EF0C6-B673-4BA9-BDF1-38B2EBC90DD8}.Debug|Any CPU.ActiveCfg = Debug|Any CPU
		{9A8EF0C6-B673-4BA9-BDF1-38B2EBC90DD8}.Debug|Any CPU.Build.0 = Debug|Any CPU
		{9A8EF0C6-B673-4BA9-BDF1-38B2EBC90DD8}.Release|Any CPU.ActiveCfg = Release|Any CPU
		{9A8EF0C6-B673-4BA9-BDF1-38B2EBC90DD8}.Release|Any CPU.Build.0 = Release|Any CPU
	EndGlobalSection
	GlobalSection(SolutionProperties) = preSolution
		HideSolutionNode = FALSE
	EndGlobalSection
	GlobalSection(ExtensibilityGlobals) = postSolution
		SolutionGuid = {0F790907-6470-4152-8210-E79DC4B08380}
	EndGlobalSection
EndGlobal
