
Microsoft Visual Studio Solution File, Format Version 12.00
# Visual Studio Version 16
VisualStudioVersion = 25.0.1706.1
MinimumVisualStudioVersion = 10.0.40219.1
Project("{FAE04EC0-301F-11D3-BF4B-00C04F79EFBC}") = "CounterTask", "CounterTask\CounterTask.csproj", "{9F3AF2E3-0D55-4204-9F61-1688A305CA97}"
EndProject
Global
	GlobalSection(SolutionConfigurationPlatforms) = preSolution
		Debug|Any CPU = Debug|Any CPU
		Release|Any CPU = Release|Any CPU
	EndGlobalSection
	GlobalSection(ProjectConfigurationPlatforms) = postSolution
		{9F3AF2E3-0D55-4204-9F61-1688A305CA97}.Debug|Any CPU.ActiveCfg = Debug|Any CPU
		{9F3AF2E3-0D55-4204-9F61-1688A305CA97}.Debug|Any CPU.Build.0 = Debug|Any CPU
		{9F3AF2E3-0D55-4204-9F61-1688A305CA97}.Release|Any CPU.ActiveCfg = Release|Any CPU
		{9F3AF2E3-0D55-4204-9F61-1688A305CA97}.Release|Any CPU.Build.0 = Release|Any CPU
	EndGlobalSection
	GlobalSection(SolutionProperties) = preSolution
		HideSolutionNode = FALSE
	EndGlobalSection
	GlobalSection(ExtensibilityGlobals) = postSolution
		SolutionGuid = {D45A5A46-7FF1-4205-B6E1-6685EA670EB7}
	EndGlobalSection
EndGlobal
